
Microsoft Visual Studio Solution File, Format Version 12.00
# Visual Studio Version 17
VisualStudioVersion = 17.8.34408.163
MinimumVisualStudioVersion = 10.0.40219.1
Project("{9A19103F-16F7-4668-BE54-9A1E7A4F7556}") = "DataAccessLayer", "..\..\Day1\QuickKartDataAccessLayer\DataAccessLayer.csproj", "{01DC9DA0-75AC-44C3-A123-F98C8CCB01BA}"
EndProject
Project("{FAE04EC0-301F-11D3-BF4B-00C04F79EFBC}") = "ServiceLayer", "ServiceLayer\ServiceLayer.csproj", "{0CFFF0F5-5104-4762-8A40-4E549963338F}"
EndProject
Global
	GlobalSection(SolutionConfigurationPlatforms) = preSolution
		Debug|Any CPU = Debug|Any CPU
		Release|Any CPU = Release|Any CPU
	EndGlobalSection
	GlobalSection(ProjectConfigurationPlatforms) = postSolution
		{01DC9DA0-75AC-44C3-A123-F98C8CCB01BA}.Debug|Any CPU.ActiveCfg = Debug|Any CPU
		{01DC9DA0-75AC-44C3-A123-F98C8CCB01BA}.Debug|Any CPU.Build.0 = Debug|Any CPU
		{01DC9DA0-75AC-44C3-A123-F98C8CCB01BA}.Release|Any CPU.ActiveCfg = Release|Any CPU
		{01DC9DA0-75AC-44C3-A123-F98C8CCB01BA}.Release|Any CPU.Build.0 = Release|Any CPU
		{0CFFF0F5-5104-4762-8A40-4E549963338F}.Debug|Any CPU.ActiveCfg = Debug|Any CPU
		{0CFFF0F5-5104-4762-8A40-4E549963338F}.Debug|Any CPU.Build.0 = Debug|Any CPU
		{0CFFF0F5-5104-4762-8A40-4E549963338F}.Release|Any CPU.ActiveCfg = Release|Any CPU
		{0CFFF0F5-5104-4762-8A40-4E549963338F}.Release|Any CPU.Build.0 = Release|Any CPU
	EndGlobalSection
	GlobalSection(SolutionProperties) = preSolution
		HideSolutionNode = FALSE
	EndGlobalSection
	GlobalSection(ExtensibilityGlobals) = postSolution
		SolutionGuid = {4B704990-79EC-4CD1-8BDB-536E1D91FF9B}
	EndGlobalSection
EndGlobal
